
Microsoft Visual Studio Solution File, Format Version 12.00
# Visual Studio Version 16
VisualStudioVersion = 16.0.30204.135
MinimumVisualStudioVersion = 10.0.40219.1
Project("{9A19103F-16F7-4668-BE54-9A1E7A4F7556}") = "Utilities.ASPCore31", "Utilities.ASPCore31\Utilities.ASPCore31.csproj", "{5AF64789-3F81-4540-85DA-12EB3D36B845}"
EndProject
Project("{9A19103F-16F7-4668-BE54-9A1E7A4F7556}") = "Utilities", "Utilities\Utilities\Utilities.csproj", "{F9FB232E-96D2-4FB6-95E0-EB023B369EB4}"
EndProject
Global
	GlobalSection(SolutionConfigurationPlatforms) = preSolution
		Debug|Any CPU = Debug|Any CPU
		Release|Any CPU = Release|Any CPU
	EndGlobalSection
	GlobalSection(ProjectConfigurationPlatforms) = postSolution
		{5AF64789-3F81-4540-85DA-12EB3D36B845}.Debug|Any CPU.ActiveCfg = Debug|Any CPU
		{5AF64789-3F81-4540-85DA-12EB3D36B845}.Debug|Any CPU.Build.0 = Debug|Any CPU
		{5AF64789-3F81-4540-85DA-12EB3D36B845}.Release|Any CPU.ActiveCfg = Release|Any CPU
		{5AF64789-3F81-4540-85DA-12EB3D36B845}.Release|Any CPU.Build.0 = Release|Any CPU
		{F9FB232E-96D2-4FB6-95E0-EB023B369EB4}.Debug|Any CPU.ActiveCfg = Debug|Any CPU
		{F9FB232E-96D2-4FB6-95E0-EB023B369EB4}.Debug|Any CPU.Build.0 = Debug|Any CPU
		{F9FB232E-96D2-4FB6-95E0-EB023B369EB4}.Release|Any CPU.ActiveCfg = Release|Any CPU
		{F9FB232E-96D2-4FB6-95E0-EB023B369EB4}.Release|Any CPU.Build.0 = Release|Any CPU
	EndGlobalSection
	GlobalSection(SolutionProperties) = preSolution
		HideSolutionNode = FALSE
	EndGlobalSection
	GlobalSection(ExtensibilityGlobals) = postSolution
		SolutionGuid = {E2A2963D-C422-4BB8-A3FC-6D8A7F2C1A34}
	EndGlobalSection
EndGlobal
